
Microsoft Visual Studio Solution File, Format Version 12.00
# Visual Studio Version 17
VisualStudioVersion = 17.7.34221.43
MinimumVisualStudioVersion = 10.0.40219.1
Project("{FAE04EC0-301F-11D3-BF4B-00C04F79EFBC}") = "Inlämningsuppgift 3", "Inlämningsuppgift 3\Inlämningsuppgift 3.csproj", "{90DC031C-FA94-4A2D-9B39-D3CEB1C3931E}"
EndProject
Global
	GlobalSection(SolutionConfigurationPlatforms) = preSolution
		Debug|Any CPU = Debug|Any CPU
		Release|Any CPU = Release|Any CPU
	EndGlobalSection
	GlobalSection(ProjectConfigurationPlatforms) = postSolution
		{90DC031C-FA94-4A2D-9B39-D3CEB1C3931E}.Debug|Any CPU.ActiveCfg = Debug|Any CPU
		{90DC031C-FA94-4A2D-9B39-D3CEB1C3931E}.Debug|Any CPU.Build.0 = Debug|Any CPU
		{90DC031C-FA94-4A2D-9B39-D3CEB1C3931E}.Release|Any CPU.ActiveCfg = Release|Any CPU
		{90DC031C-FA94-4A2D-9B39-D3CEB1C3931E}.Release|Any CPU.Build.0 = Release|Any CPU
	EndGlobalSection
	GlobalSection(SolutionProperties) = preSolution
		HideSolutionNode = FALSE
	EndGlobalSection
	GlobalSection(ExtensibilityGlobals) = postSolution
		SolutionGuid = {FE89BA71-60E7-4733-86E6-3A0202AA0A59}
	EndGlobalSection
EndGlobal
